// !$*UTF8*$!
{
	archiveVersion = 1;
	classes = {
	};
	objectVersion = 46;
	objects = {

/* Begin PBXBuildFile section */
		5C1791871E2A4B0000CAD598 /* AppDelegate.swift in Sources */ = {isa = PBXBuildFile; fileRef = 5C1791861E2A4B0000CAD598 /* AppDelegate.swift */; };
		5C1791891E2A4B0000CAD598 /* ViewController.swift in Sources */ = {isa = PBXBuildFile; fileRef = 5C1791881E2A4B0000CAD598 /* ViewController.swift */; };
		5C17918C1E2A4B0000CAD598 /* Main.storyboard in Resources */ = {isa = PBXBuildFile; fileRef = 5C17918A1E2A4B0000CAD598 /* Main.storyboard */; };
		5C17918E1E2A4B0000CAD598 /* Assets.xcassets in Resources */ = {isa = PBXBuildFile; fileRef = 5C17918D1E2A4B0000CAD598 /* Assets.xcassets */; };
		5C1791911E2A4B0000CAD598 /* LaunchScreen.storyboard in Resources */ = {isa = PBXBuildFile; fileRef = 5C17918F1E2A4B0000CAD598 /* LaunchScreen.storyboard */; };
		5C1791991E2A4D9000CAD598 /* P1ViewController.swift in Sources */ = {isa = PBXBuildFile; fileRef = 5C1791981E2A4D9000CAD598 /* P1ViewController.swift */; };
		5C17919B1E2A4DA500CAD598 /* P2ViewController.swift in Sources */ = {isa = PBXBuildFile; fileRef = 5C17919A1E2A4DA500CAD598 /* P2ViewController.swift */; };
/* End PBXBuildFile section */

/* Begin PBXFileReference section */
		5C1791831E2A4B0000CAD598 /* segue_dome.app */ = {isa = PBXFileReference; explicitFileType = wrapper.application; includeInIndex = 0; path = segue_dome.app; sourceTree = BUILT_PRODUCTS_DIR; };
		5C1791861E2A4B0000CAD598 /* AppDelegate.swift */ = {isa = PBXFileReference; lastKnownFileType = sourcecode.swift; path = AppDelegate.swift; sourceTree = "<group>"; };
		5C1791881E2A4B0000CAD598 /* ViewController.swift */ = {isa = PBXFileReference; lastKnownFileType = sourcecode.swift; path = ViewController.swift; sourceTree = "<group>"; };
		5C17918B1E2A4B0000CAD598 /* Base */ = {isa = PBXFileReference; lastKnownFileType = file.storyboard; name = Base; path = Base.lproj/Main.storyboard; sourceTree = "<group>"; };
		5C17918D1E2A4B0000CAD598 /* Assets.xcassets */ = {isa = PBXFileReference; lastKnownFileType = folder.assetcatalog; path = Assets.xcassets; sourceTree = "<group>"; };
		5C1791901E2A4B0000CAD598 /* Base */ = {isa = PBXFileReference; lastKnownFileType = file.storyboard; name = Base; path = Base.lproj/LaunchScreen.storyboard; sourceTree = "<group>"; };
		5C1791921E2A4B0000CAD598 /* Info.plist */ = {isa = PBXFileReference; lastKnownFileType = text.plist.xml; path = Info.plist; sourceTree = "<group>"; };
		5C1791981E2A4D9000CAD598 /* P1ViewController.swift */ = {isa = PBXFileReference; fileEncoding = 4; lastKnownFileType = sourcecode.swift; path = P1ViewController.swift; sourceTree = "<group>"; };
		5C17919A1E2A4DA500CAD598 /* P2ViewController.swift */ = {isa = PBXFileReference; fileEncoding = 4; lastKnownFileType = sourcecode.swift; path = P2ViewController.swift; sourceTree = "<group>"; };
/* End PBXFileReference section */

/* Begin PBXFrameworksBuildPhase section */
		5C1791801E2A4B0000CAD598 /* Frameworks */ = {
			isa = PBXFrameworksBuildPhase;
			buildActionMask = 2147483647;
			files = (
			);
			runOnlyForDeploymentPostprocessing = 0;
		};
/* End PBXFrameworksBuildPhase section */

/* Begin PBXGroup section */
		5C17917A1E2A4B0000CAD598 = {
			isa = PBXGroup;
			children = (
				5C1791851E2A4B0000CAD598 /* segue_dome */,
				5C1791841E2A4B0000CAD598 /* Products */,
			);
			sourceTree = "<group>";
		};
		5C1791841E2A4B0000CAD598 /* Products */ = {
			isa = PBXGroup;
			children = (
				5C1791831E2A4B0000CAD598 /* segue_dome.app */,
			);
			name = Products;
			sourceTree = "<group>";
		};
		5C1791851E2A4B0000CAD598 /* segue_dome */ = {
			isa = PBXGroup;
			children = (
				5C1791861E2A4B0000CAD598 /* AppDelegate.swift */,
				5C1791881E2A4B0000CAD598 /* ViewController.swift */,
				5C17918A1E2A4B0000CAD598 /* Main.storyboard */,
				5C17918D1E2A4B0000CAD598 /* Assets.xcassets */,
				5C17918F1E2A4B0000CAD598 /* LaunchScreen.storyboard */,
				5C1791921E2A4B0000CAD598 /* Info.plist */,
				5C1791981E2A4D9000CAD598 /* P1ViewController.swift */,
				5C17919A1E2A4DA500CAD598 /* P2ViewController.swift */,
			);
			path = segue_dome;
			sourceTree = "<group>";
		};
/* End PBXGroup section */

/* Begin PBXNativeTarget section */
		5C1791821E2A4B0000CAD598 /* segue_dome */ = {
			isa = PBXNativeTarget;
			buildConfigurationList = 5C1791951E2A4B0000CAD598 /* Build configuration list for PBXNativeTarget "segue_dome" */;
			buildPhases = (
				5C17917F1E2A4B0000CAD598 /* Sources */,
				5C1791801E2A4B0000CAD598 /* Frameworks */,
				5C1791811E2A4B0000CAD598 /* Resources */,
			);
			buildRules = (
			);
			dependencies = (
			);
			name = segue_dome;
			productName = segue_dome;
			productReference = 5C1791831E2A4B0000CAD598 /* segue_dome.app */;
			productType = "com.apple.product-type.application";
		};
/* End PBXNativeTarget section */

/* Begin PBXProject section */
		5C17917B1E2A4B0000CAD598 /* Project object */ = {
			isa = PBXProject;
			attributes = {
				LastSwiftUpdateCheck = 0820;
				LastUpgradeCheck = 0820;
				ORGANIZATIONNAME = zzx1688;
				TargetAttributes = {
					5C1791821E2A4B0000CAD598 = {
						CreatedOnToolsVersion = 8.2.1;
						DevelopmentTeam = XWF62AF8DB;
						ProvisioningStyle = Automatic;
					};
				};
			};
			buildConfigurationList = 5C17917E1E2A4B0000CAD598 /* Build configuration list for PBXProject "segue_dome" */;
			compatibilityVersion = "Xcode 3.2";
			developmentRegion = English;
			hasScannedForEncodings = 0;
			knownRegions = (
				en,
				Base,
			);
			mainGroup = 5C17917A1E2A4B0000CAD598;
			productRefGroup = 5C1791841E2A4B0000CAD598 /* Products */;
			projectDirPath = "";
			projectRoot = "";
			targets = (
				5C1791821E2A4B0000CAD598 /* segue_dome */,
			);
		};
/* End PBXProject section */

/* Begin PBXResourcesBuildPhase section */
		5C1791811E2A4B0000CAD598 /* Resources */ = {
			isa = PBXResourcesBuildPhase;
			buildActionMask = 2147483647;
			files = (
				5C1791911E2A4B0000CAD598 /* LaunchScreen.storyboard in Resources */,
				5C17918E1E2A4B0000CAD598 /* Assets.xcassets in Resources */,
				5C17918C1E2A4B0000CAD598 /* Main.storyboard in Resources */,
			);
			runOnlyForDeploymentPostprocessing = 0;
		};
/* End PBXResourcesBuildPhase section */

/* Begin PBXSourcesBuildPhase section */
		5C17917F1E2A4B0000CAD598 /* Sources */ = {
			isa = PBXSourcesBuildPhase;
			buildActionMask = 2147483647;
			files = (
				5C1791891E2A4B0000CAD598 /* ViewController.swift in Sources */,
				5C1791871E2A4B0000CAD598 /* AppDelegate.swift in Sources */,
				5C17919B1E2A4DA500CAD598 /* P2ViewController.swift in Sources */,
				5C1791991E2A4D9000CAD598 /* P1ViewController.swift in Sources */,
			);
			runOnlyForDeploymentPostprocessing = 0;
		};
/* End PBXSourcesBuildPhase section */

/* Begin PBXVariantGroup section */
		5C17918A1E2A4B0000CAD598 /* Main.storyboard */ = {
			isa = PBXVariantGroup;
			children = (
				5C17918B1E2A4B0000CAD598 /* Base */,
			);
			name = Main.storyboard;
			sourceTree = "<group>";
		};
		5C17918F1E2A4B0000CAD598 /* LaunchScreen.storyboard */ = {
			isa = PBXVariantGroup;
			children = (
				5C1791901E2A4B0000CAD598 /* Base */,
			);
			name = LaunchScreen.storyboard;
			sourceTree = "<group>";
		};
/* End PBXVariantGroup section */

/* Begin XCBuildConfiguration section */
		5C1791931E2A4B0000CAD598 /* Debug */ = {
			isa = XCBuildConfiguration;
			buildSettings = {
				ALWAYS_SEARCH_USER_PATHS = NO;
				CLANG_ANALYZER_NONNULL = YES;
				CLANG_CXX_LANGUAGE_STANDARD = "gnu++0x";
				CLANG_CXX_LIBRARY = "libc++";
				CLANG_ENABLE_MODULES = YES;
				CLANG_ENABLE_OBJC_ARC = YES;
				CLANG_WARN_BOOL_CONVERSION = YES;
				CLANG_WARN_CONSTANT_CONVERSION = YES;
				CLANG_WARN_DIRECT_OBJC_ISA_USAGE = YES_ERROR;
				CLANG_WARN_DOCUMENTATION_COMMENTS = YES;
				CLANG_WARN_EMPTY_BODY = YES;
				CLANG_WARN_ENUM_CONVERSION = YES;
				CLANG_WARN_INFINITE_RECURSION = YES;
				CLANG_WARN_INT_CONVERSION = YES;
				CLANG_WARN_OBJC_ROOT_CLASS = YES_ERROR;
				CLANG_WARN_SUSPICIOUS_MOVE = YES;
				CLANG_WARN_UNREACHABLE_CODE = YES;
				CLANG_WARN__DUPLICATE_METHOD_MATCH = YES;
				"CODE_SIGN_IDENTITY[sdk=iphoneos*]" = "iPhone Developer";
				COPY_PHASE_STRIP = NO;
				DEBUG_INFORMATION_FORMAT = dwarf;
				ENABLE_STRICT_OBJC_MSGSEND = YES;
				ENABLE_TESTABILITY = YES;
				GCC_C_LANGUAGE_STANDARD = gnu99;
				GCC_DYNAMIC_NO_PIC = NO;
				GCC_NO_COMMON_BLOCKS = YES;
				GCC_OPTIMIZATION_LEVEL = 0;
				GCC_PREPROCESSOR_DEFINITIONS = (
					"DEBUG=1",
					"$(inherited)",
				);
				GCC_WARN_64_TO_32_BIT_CONVERSION = YES;
				GCC_WARN_ABOUT_RETURN_TYPE = YES_ERROR;
				GCC_WARN_UNDECLARED_SELECTOR = YES;
				GCC_WARN_UNINITIALIZED_AUTOS = YES_AGGRESSIVE;
				GCC_WARN_UNUSED_FUNCTION = YES;
				GCC_WARN_UNUSED_VARIABLE = YES;
				IPHONEOS_DEPLOYMENT_TARGET = 10.2;
				MTL_ENABLE_DEBUG_INFO = YES;
				ONLY_ACTIVE_ARCH = YES;
				SDKROOT = iphoneos;
				SWIFT_ACTIVE_COMPILATION_CONDITIONS = DEBUG;
				SWIFT_OPTIMIZATION_LEVEL = "-Onone";
				TARGETED_DEVICE_FAMILY = "1,2";
			};
			name = Debug;
		};
		5C1791941E2A4B0000CAD598 /* Release */ = {
			isa = XCBuildConfiguration;
			buildSettings = {
				ALWAYS_SEARCH_USER_PATHS = NO;
				CLANG_ANALYZER_NONNULL = YES;
				CLANG_CXX_LANGUAGE_STANDARD = "gnu++0x";
				CLANG_CXX_LIBRARY = "libc++";
				CLANG_ENABLE_MODULES = YES;
				CLANG_ENABLE_OBJC_ARC = YES;
				CLANG_WARN_BOOL_CONVERSION = YES;
				CLANG_WARN_CONSTANT_CONVERSION = YES;
				CLANG_WARN_DIRECT_OBJC_ISA_USAGE = YES_ERROR;
				CLANG_WARN_DOCUMENTATION_COMMENTS = YES;
				CLANG_WARN_EMPTY_BODY = YES;
				CLANG_WARN_ENUM_CONVERSION = YES;
				CLANG_WARN_INFINITE_RECURSION = YES;
				CLANG_WARN_INT_CONVERSION = YES;
				CLANG_WARN_OBJC_ROOT_CLASS = YES_ERROR;
				CLANG_WARN_SUSPICIOUS_MOVE = YES;
				CLANG_WARN_UNREACHABLE_CODE = YES;
				CLANG_WARN__DUPLICATE_METHOD_MATCH = YES;
				"CODE_SIGN_IDENTITY[sdk=iphoneos*]" = "iPhone Developer";
				COPY_PHASE_STRIP = NO;
				DEBUG_INFORMATION_FORMAT = "dwarf-with-dsym";
				ENABLE_NS_ASSERTIONS = NO;
				ENABLE_STRICT_OBJC_MSGSEND = YES;
				GCC_C_LANGUAGE_STANDARD = gnu99;
				GCC_NO_COMMON_BLOCKS = YES;
				GCC_WARN_64_TO_32_BIT_CONVERSION = YES;
				GCC_WARN_ABOUT_RETURN_TYPE = YES_ERROR;
				GCC_WARN_UNDECLARED_SELECTOR = YES;
				GCC_WARN_UNINITIALIZED_AUTOS = YES_AGGRESSIVE;
				GCC_WARN_UNUSED_FUNCTION = YES;
				GCC_WARN_UNUSED_VARIABLE = YES;
				IPHONEOS_DEPLOYMENT_TARGET = 10.2;
				MTL_ENABLE_DEBUG_INFO = NO;
				SDKROOT = iphoneos;
				SWIFT_OPTIMIZATION_LEVEL = "-Owholemodule";
				TARGETED_DEVICE_FAMILY = "1,2";
				VALIDATE_PRODUCT = YES;
			};
			name = Release;
		};
		5C1791961E2A4B0000CAD598 /* Debug */ = {
			isa = XCBuildConfiguration;
			buildSettings = {
				ASSETCATALOG_COMPILER_APPICON_NAME = AppIcon;
				DEVELOPMENT_TEAM = XWF62AF8DB;
				INFOPLIST_FILE = segue_dome/Info.plist;
				LD_RUNPATH_SEARCH_PATHS = "$(inherited) @executable_path/Frameworks";
				PRODUCT_BUNDLE_IDENTIFIER = "cn.jfccc.segue-dome";
				PRODUCT_NAME = "$(TARGET_NAME)";
				SWIFT_VERSION = 3.0;
			};
			name = Debug;
		};
		5C1791971E2A4B0000CAD598 /* Release */ = {
			isa = XCBuildConfiguration;
			buildSettings = {
				ASSETCATALOG_COMPILER_APPICON_NAME = AppIcon;
				DEVELOPMENT_TEAM = XWF62AF8DB;
				INFOPLIST_FILE = segue_dome/Info.plist;
				LD_RUNPATH_SEARCH_PATHS = "$(inherited) @executable_path/Frameworks";
				PRODUCT_BUNDLE_IDENTIFIER = "cn.jfccc.segue-dome";
				PRODUCT_NAME = "$(TARGET_NAME)";
				SWIFT_VERSION = 3.0;
			};
			name = Release;
		};
/* End XCBuildConfiguration section */

/* Begin XCConfigurationList section */
		5C17917E1E2A4B0000CAD598 /* Build configuration list for PBXProject "segue_dome" */ = {
			isa = XCConfigurationList;
			buildConfigurations = (
				5C1791931E2A4B0000CAD598 /* Debug */,
				5C1791941E2A4B0000CAD598 /* Release */,
			);
			defaultConfigurationIsVisible = 0;
			defaultConfigurationName = Release;
		};
		5C1791951E2A4B0000CAD598 /* Build configuration list for PBXNativeTarget "segue_dome" */ = {
			isa = XCConfigurationList;
			buildConfigurations = (
				5C1791961E2A4B0000CAD598 /* Debug */,
				5C1791971E2A4B0000CAD598 /* Release */,
			);
			defaultConfigurationIsVisible = 0;
		};
/* End XCConfigurationList section */
	};
	rootObject = 5C17917B1E2A4B0000CAD598 /* Project object */;
}
